// !$*UTF8*$!
{
	archiveVersion = 1;
	classes = {
	};
	objectVersion = 50;
	objects = {

/* Begin PBXBuildFile section */
		AB54ABD6217E090700021887 /* Meal.swift in Sources */ = {isa = PBXBuildFile; fileRef = AB54ABD5217E090700021887 /* Meal.swift */; };
		AB54ABD8217E094E00021887 /* Item.swift in Sources */ = {isa = PBXBuildFile; fileRef = AB54ABD7217E094E00021887 /* Item.swift */; };
		AB5C539D217F3C270048354C /* MealsTableController.swift in Sources */ = {isa = PBXBuildFile; fileRef = AB5C539C217F3C270048354C /* MealsTableController.swift */; };
		ABF4725C2176614D006E8151 /* AppDelegate.swift in Sources */ = {isa = PBXBuildFile; fileRef = ABF4725B2176614D006E8151 /* AppDelegate.swift */; };
		ABF4725E2176614D006E8151 /* ViewController.swift in Sources */ = {isa = PBXBuildFile; fileRef = ABF4725D2176614D006E8151 /* ViewController.swift */; };
		ABF472612176614D006E8151 /* Main.storyboard in Resources */ = {isa = PBXBuildFile; fileRef = ABF4725F2176614D006E8151 /* Main.storyboard */; };
		ABF472632176614F006E8151 /* Assets.xcassets in Resources */ = {isa = PBXBuildFile; fileRef = ABF472622176614F006E8151 /* Assets.xcassets */; };
		ABF472662176614F006E8151 /* LaunchScreen.storyboard in Resources */ = {isa = PBXBuildFile; fileRef = ABF472642176614F006E8151 /* LaunchScreen.storyboard */; };
/* End PBXBuildFile section */

/* Begin PBXFileReference section */
		AB54ABD5217E090700021887 /* Meal.swift */ = {isa = PBXFileReference; lastKnownFileType = sourcecode.swift; path = Meal.swift; sourceTree = "<group>"; };
		AB54ABD7217E094E00021887 /* Item.swift */ = {isa = PBXFileReference; lastKnownFileType = sourcecode.swift; path = Item.swift; sourceTree = "<group>"; };
		AB5C539C217F3C270048354C /* MealsTableController.swift */ = {isa = PBXFileReference; lastKnownFileType = sourcecode.swift; path = MealsTableController.swift; sourceTree = "<group>"; };
		ABF472582176614D006E8151 /* FoodRater.app */ = {isa = PBXFileReference; explicitFileType = wrapper.application; includeInIndex = 0; path = FoodRater.app; sourceTree = BUILT_PRODUCTS_DIR; };
		ABF4725B2176614D006E8151 /* AppDelegate.swift */ = {isa = PBXFileReference; lastKnownFileType = sourcecode.swift; path = AppDelegate.swift; sourceTree = "<group>"; };
		ABF4725D2176614D006E8151 /* ViewController.swift */ = {isa = PBXFileReference; lastKnownFileType = sourcecode.swift; path = ViewController.swift; sourceTree = "<group>"; };
		ABF472602176614D006E8151 /* Base */ = {isa = PBXFileReference; lastKnownFileType = file.storyboard; name = Base; path = Base.lproj/Main.storyboard; sourceTree = "<group>"; };
		ABF472622176614F006E8151 /* Assets.xcassets */ = {isa = PBXFileReference; lastKnownFileType = folder.assetcatalog; path = Assets.xcassets; sourceTree = "<group>"; };
		ABF472652176614F006E8151 /* Base */ = {isa = PBXFileReference; lastKnownFileType = file.storyboard; name = Base; path = Base.lproj/LaunchScreen.storyboard; sourceTree = "<group>"; };
		ABF472672176614F006E8151 /* Info.plist */ = {isa = PBXFileReference; lastKnownFileType = text.plist.xml; path = Info.plist; sourceTree = "<group>"; };
/* End PBXFileReference section */

/* Begin PBXFrameworksBuildPhase section */
		ABF472552176614D006E8151 /* Frameworks */ = {
			isa = PBXFrameworksBuildPhase;
			buildActionMask = 2147483647;
			files = (
			);
			runOnlyForDeploymentPostprocessing = 0;
		};
/* End PBXFrameworksBuildPhase section */

/* Begin PBXGroup section */
		AB572D55217E077300F84DEC /* controllers */ = {
			isa = PBXGroup;
			children = (
				ABF4725D2176614D006E8151 /* ViewController.swift */,
				AB5C539C217F3C270048354C /* MealsTableController.swift */,
			);
			path = controllers;
			sourceTree = "<group>";
		};
		AB572D56217E077300F84DEC /* models */ = {
			isa = PBXGroup;
			children = (
				AB54ABD5217E090700021887 /* Meal.swift */,
				AB54ABD7217E094E00021887 /* Item.swift */,
			);
			path = models;
			sourceTree = "<group>";
		};
		AB572D57217E077300F84DEC /* views */ = {
			isa = PBXGroup;
			children = (
				ABF4725F2176614D006E8151 /* Main.storyboard */,
			);
			path = views;
			sourceTree = "<group>";
		};
		ABF4724F2176614D006E8151 = {
			isa = PBXGroup;
			children = (
				ABF4725A2176614D006E8151 /* FoodRater */,
				ABF472592176614D006E8151 /* Products */,
			);
			sourceTree = "<group>";
		};
		ABF472592176614D006E8151 /* Products */ = {
			isa = PBXGroup;
			children = (
				ABF472582176614D006E8151 /* FoodRater.app */,
			);
			name = Products;
			sourceTree = "<group>";
		};
		ABF4725A2176614D006E8151 /* FoodRater */ = {
			isa = PBXGroup;
			children = (
				ABF4725B2176614D006E8151 /* AppDelegate.swift */,
				AB572D55217E077300F84DEC /* controllers */,
				AB572D56217E077300F84DEC /* models */,
				AB572D57217E077300F84DEC /* views */,
				ABF472622176614F006E8151 /* Assets.xcassets */,
				ABF472642176614F006E8151 /* LaunchScreen.storyboard */,
				ABF472672176614F006E8151 /* Info.plist */,
			);
			path = FoodRater;
			sourceTree = "<group>";
		};
/* End PBXGroup section */

/* Begin PBXNativeTarget section */
		ABF472572176614D006E8151 /* FoodRater */ = {
			isa = PBXNativeTarget;
			buildConfigurationList = ABF4726A2176614F006E8151 /* Build configuration list for PBXNativeTarget "FoodRater" */;
			buildPhases = (
				ABF472542176614D006E8151 /* Sources */,
				ABF472552176614D006E8151 /* Frameworks */,
				ABF472562176614D006E8151 /* Resources */,
			);
			buildRules = (
			);
			dependencies = (
			);
			name = FoodRater;
			productName = FoodRater;
			productReference = ABF472582176614D006E8151 /* FoodRater.app */;
			productType = "com.apple.product-type.application";
		};
/* End PBXNativeTarget section */

/* Begin PBXProject section */
		ABF472502176614D006E8151 /* Project object */ = {
			isa = PBXProject;
			attributes = {
				LastSwiftUpdateCheck = 0930;
				LastUpgradeCheck = 0930;
				ORGANIZATIONNAME = irs;
				TargetAttributes = {
					ABF472572176614D006E8151 = {
						CreatedOnToolsVersion = 9.3;
					};
				};
			};
			buildConfigurationList = ABF472532176614D006E8151 /* Build configuration list for PBXProject "FoodRater" */;
			compatibilityVersion = "Xcode 9.3";
			developmentRegion = en;
			hasScannedForEncodings = 0;
			knownRegions = (
				en,
				Base,
			);
			mainGroup = ABF4724F2176614D006E8151;
			productRefGroup = ABF472592176614D006E8151 /* Products */;
			projectDirPath = "";
			projectRoot = "";
			targets = (
				ABF472572176614D006E8151 /* FoodRater */,
			);
		};
/* End PBXProject section */

/* Begin PBXResourcesBuildPhase section */
		ABF472562176614D006E8151 /* Resources */ = {
			isa = PBXResourcesBuildPhase;
			buildActionMask = 2147483647;
			files = (
				ABF472662176614F006E8151 /* LaunchScreen.storyboard in Resources */,
				ABF472632176614F006E8151 /* Assets.xcassets in Resources */,
				ABF472612176614D006E8151 /* Main.storyboard in Resources */,
			);
			runOnlyForDeploymentPostprocessing = 0;
		};
/* End PBXResourcesBuildPhase section */

/* Begin PBXSourcesBuildPhase section */
		ABF472542176614D006E8151 /* Sources */ = {
			isa = PBXSourcesBuildPhase;
			buildActionMask = 2147483647;
			files = (
				AB54ABD8217E094E00021887 /* Item.swift in Sources */,
				ABF4725E2176614D006E8151 /* ViewController.swift in Sources */,
				AB5C539D217F3C270048354C /* MealsTableController.swift in Sources */,
				AB54ABD6217E090700021887 /* Meal.swift in Sources */,
				ABF4725C2176614D006E8151 /* AppDelegate.swift in Sources */,
			);
			runOnlyForDeploymentPostprocessing = 0;
		};
/* End PBXSourcesBuildPhase section */

/* Begin PBXVariantGroup section */
		ABF4725F2176614D006E8151 /* Main.storyboard */ = {
			isa = PBXVariantGroup;
			children = (
				ABF472602176614D006E8151 /* Base */,
			);
			name = Main.storyboard;
			sourceTree = "<group>";
		};
		ABF472642176614F006E8151 /* LaunchScreen.storyboard */ = {
			isa = PBXVariantGroup;
			children = (
				ABF472652176614F006E8151 /* Base */,
			);
			name = LaunchScreen.storyboard;
			sourceTree = "<group>";
		};
/* End PBXVariantGroup section */

/* Begin XCBuildConfiguration section */
		ABF472682176614F006E8151 /* Debug */ = {
			isa = XCBuildConfiguration;
			buildSettings = {
				ALWAYS_SEARCH_USER_PATHS = NO;
				CLANG_ANALYZER_NONNULL = YES;
				CLANG_ANALYZER_NUMBER_OBJECT_CONVERSION = YES_AGGRESSIVE;
				CLANG_CXX_LANGUAGE_STANDARD = "gnu++14";
				CLANG_CXX_LIBRARY = "libc++";
				CLANG_ENABLE_MODULES = YES;
				CLANG_ENABLE_OBJC_ARC = YES;
				CLANG_ENABLE_OBJC_WEAK = YES;
				CLANG_WARN_BLOCK_CAPTURE_AUTORELEASING = YES;
				CLANG_WARN_BOOL_CONVERSION = YES;
				CLANG_WARN_COMMA = YES;
				CLANG_WARN_CONSTANT_CONVERSION = YES;
				CLANG_WARN_DEPRECATED_OBJC_IMPLEMENTATIONS = YES;
				CLANG_WARN_DIRECT_OBJC_ISA_USAGE = YES_ERROR;
				CLANG_WARN_DOCUMENTATION_COMMENTS = YES;
				CLANG_WARN_EMPTY_BODY = YES;
				CLANG_WARN_ENUM_CONVERSION = YES;
				CLANG_WARN_INFINITE_RECURSION = YES;
				CLANG_WARN_INT_CONVERSION = YES;
				CLANG_WARN_NON_LITERAL_NULL_CONVERSION = YES;
				CLANG_WARN_OBJC_IMPLICIT_RETAIN_SELF = YES;
				CLANG_WARN_OBJC_LITERAL_CONVERSION = YES;
				CLANG_WARN_OBJC_ROOT_CLASS = YES_ERROR;
				CLANG_WARN_RANGE_LOOP_ANALYSIS = YES;
				CLANG_WARN_STRICT_PROTOTYPES = YES;
				CLANG_WARN_SUSPICIOUS_MOVE = YES;
				CLANG_WARN_UNGUARDED_AVAILABILITY = YES_AGGRESSIVE;
				CLANG_WARN_UNREACHABLE_CODE = YES;
				CLANG_WARN__DUPLICATE_METHOD_MATCH = YES;
				CODE_SIGN_IDENTITY = "iPhone Developer";
				COPY_PHASE_STRIP = NO;
				DEBUG_INFORMATION_FORMAT = dwarf;
				ENABLE_STRICT_OBJC_MSGSEND = YES;
				ENABLE_TESTABILITY = YES;
				GCC_C_LANGUAGE_STANDARD = gnu11;
				GCC_DYNAMIC_NO_PIC = NO;
				GCC_NO_COMMON_BLOCKS = YES;
				GCC_OPTIMIZATION_LEVEL = 0;
				GCC_PREPROCESSOR_DEFINITIONS = (
					"DEBUG=1",
					"$(inherited)",
				);
				GCC_WARN_64_TO_32_BIT_CONVERSION = YES;
				GCC_WARN_ABOUT_RETURN_TYPE = YES_ERROR;
				GCC_WARN_UNDECLARED_SELECTOR = YES;
				GCC_WARN_UNINITIALIZED_AUTOS = YES_AGGRESSIVE;
				GCC_WARN_UNUSED_FUNCTION = YES;
				GCC_WARN_UNUSED_VARIABLE = YES;
				IPHONEOS_DEPLOYMENT_TARGET = 11.3;
				MTL_ENABLE_DEBUG_INFO = YES;
				ONLY_ACTIVE_ARCH = YES;
				SDKROOT = iphoneos;
				SWIFT_ACTIVE_COMPILATION_CONDITIONS = DEBUG;
				SWIFT_OPTIMIZATION_LEVEL = "-Onone";
			};
			name = Debug;
		};
		ABF472692176614F006E8151 /* Release */ = {
			isa = XCBuildConfiguration;
			buildSettings = {
				ALWAYS_SEARCH_USER_PATHS = NO;
				CLANG_ANALYZER_NONNULL = YES;
				CLANG_ANALYZER_NUMBER_OBJECT_CONVERSION = YES_AGGRESSIVE;
				CLANG_CXX_LANGUAGE_STANDARD = "gnu++14";
				CLANG_CXX_LIBRARY = "libc++";
				CLANG_ENABLE_MODULES = YES;
				CLANG_ENABLE_OBJC_ARC = YES;
				CLANG_ENABLE_OBJC_WEAK = YES;
				CLANG_WARN_BLOCK_CAPTURE_AUTORELEASING = YES;
				CLANG_WARN_BOOL_CONVERSION = YES;
				CLANG_WARN_COMMA = YES;
				CLANG_WARN_CONSTANT_CONVERSION = YES;
				CLANG_WARN_DEPRECATED_OBJC_IMPLEMENTATIONS = YES;
				CLANG_WARN_DIRECT_OBJC_ISA_USAGE = YES_ERROR;
				CLANG_WARN_DOCUMENTATION_COMMENTS = YES;
				CLANG_WARN_EMPTY_BODY = YES;
				CLANG_WARN_ENUM_CONVERSION = YES;
				CLANG_WARN_INFINITE_RECURSION = YES;
				CLANG_WARN_INT_CONVERSION = YES;
				CLANG_WARN_NON_LITERAL_NULL_CONVERSION = YES;
				CLANG_WARN_OBJC_IMPLICIT_RETAIN_SELF = YES;
				CLANG_WARN_OBJC_LITERAL_CONVERSION = YES;
				CLANG_WARN_OBJC_ROOT_CLASS = YES_ERROR;
				CLANG_WARN_RANGE_LOOP_ANALYSIS = YES;
				CLANG_WARN_STRICT_PROTOTYPES = YES;
				CLANG_WARN_SUSPICIOUS_MOVE = YES;
				CLANG_WARN_UNGUARDED_AVAILABILITY = YES_AGGRESSIVE;
				CLANG_WARN_UNREACHABLE_CODE = YES;
				CLANG_WARN__DUPLICATE_METHOD_MATCH = YES;
				CODE_SIGN_IDENTITY = "iPhone Developer";
				COPY_PHASE_STRIP = NO;
				DEBUG_INFORMATION_FORMAT = "dwarf-with-dsym";
				ENABLE_NS_ASSERTIONS = NO;
				ENABLE_STRICT_OBJC_MSGSEND = YES;
				GCC_C_LANGUAGE_STANDARD = gnu11;
				GCC_NO_COMMON_BLOCKS = YES;
				GCC_WARN_64_TO_32_BIT_CONVERSION = YES;
				GCC_WARN_ABOUT_RETURN_TYPE = YES_ERROR;
				GCC_WARN_UNDECLARED_SELECTOR = YES;
				GCC_WARN_UNINITIALIZED_AUTOS = YES_AGGRESSIVE;
				GCC_WARN_UNUSED_FUNCTION = YES;
				GCC_WARN_UNUSED_VARIABLE = YES;
				IPHONEOS_DEPLOYMENT_TARGET = 11.3;
				MTL_ENABLE_DEBUG_INFO = NO;
				SDKROOT = iphoneos;
				SWIFT_COMPILATION_MODE = wholemodule;
				SWIFT_OPTIMIZATION_LEVEL = "-O";
				VALIDATE_PRODUCT = YES;
			};
			name = Release;
		};
		ABF4726B2176614F006E8151 /* Debug */ = {
			isa = XCBuildConfiguration;
			buildSettings = {
				ASSETCATALOG_COMPILER_APPICON_NAME = AppIcon;
				CODE_SIGN_STYLE = Automatic;
				INFOPLIST_FILE = FoodRater/Info.plist;
				LD_RUNPATH_SEARCH_PATHS = (
					"$(inherited)",
					"@executable_path/Frameworks",
				);
				PRODUCT_BUNDLE_IDENTIFIER = irs.FoodRater;
				PRODUCT_NAME = "$(TARGET_NAME)";
				SWIFT_VERSION = 4.0;
				TARGETED_DEVICE_FAMILY = "1,2";
			};
			name = Debug;
		};
		ABF4726C2176614F006E8151 /* Release */ = {
			isa = XCBuildConfiguration;
			buildSettings = {
				ASSETCATALOG_COMPILER_APPICON_NAME = AppIcon;
				CODE_SIGN_STYLE = Automatic;
				INFOPLIST_FILE = FoodRater/Info.plist;
				LD_RUNPATH_SEARCH_PATHS = (
					"$(inherited)",
					"@executable_path/Frameworks",
				);
				PRODUCT_BUNDLE_IDENTIFIER = irs.FoodRater;
				PRODUCT_NAME = "$(TARGET_NAME)";
				SWIFT_VERSION = 4.0;
				TARGETED_DEVICE_FAMILY = "1,2";
			};
			name = Release;
		};
/* End XCBuildConfiguration section */

/* Begin XCConfigurationList section */
		ABF472532176614D006E8151 /* Build configuration list for PBXProject "FoodRater" */ = {
			isa = XCConfigurationList;
			buildConfigurations = (
				ABF472682176614F006E8151 /* Debug */,
				ABF472692176614F006E8151 /* Release */,
			);
			defaultConfigurationIsVisible = 0;
			defaultConfigurationName = Release;
		};
		ABF4726A2176614F006E8151 /* Build configuration list for PBXNativeTarget "FoodRater" */ = {
			isa = XCConfigurationList;
			buildConfigurations = (
				ABF4726B2176614F006E8151 /* Debug */,
				ABF4726C2176614F006E8151 /* Release */,
			);
			defaultConfigurationIsVisible = 0;
			defaultConfigurationName = Release;
		};
/* End XCConfigurationList section */
	};
	rootObject = ABF472502176614D006E8151 /* Project object */;
}
